
Microsoft Visual Studio Solution File, Format Version 12.00
# Visual Studio 2012
Project("{f2a71f9b-5d33-465a-a702-920d77279786}") = "TweetDeleter", "TweetDeleter.fsproj", "{6A36EABD-6DBD-4E3E-AF55-50669DFEBA62}"
EndProject
Project("{FAE04EC0-301F-11D3-BF4B-00C04F79EFBC}") = "CoreTweet.net45", "CoreTweet\CoreTweet.net45\CoreTweet.net45.csproj", "{5AE5A341-5E2B-42AF-946A-7043BAD12817}"
EndProject
Global
	GlobalSection(SolutionConfigurationPlatforms) = preSolution
		Debug|x86 = Debug|x86
		Release|x86 = Release|x86
	EndGlobalSection
	GlobalSection(ProjectConfigurationPlatforms) = postSolution
		{5AE5A341-5E2B-42AF-946A-7043BAD12817}.Debug|x86.ActiveCfg = Debug|Any CPU
		{5AE5A341-5E2B-42AF-946A-7043BAD12817}.Debug|x86.Build.0 = Debug|Any CPU
		{5AE5A341-5E2B-42AF-946A-7043BAD12817}.Release|x86.ActiveCfg = Release|Any CPU
		{5AE5A341-5E2B-42AF-946A-7043BAD12817}.Release|x86.Build.0 = Release|Any CPU
		{6A36EABD-6DBD-4E3E-AF55-50669DFEBA62}.Debug|x86.ActiveCfg = Debug|x86
		{6A36EABD-6DBD-4E3E-AF55-50669DFEBA62}.Debug|x86.Build.0 = Debug|x86
		{6A36EABD-6DBD-4E3E-AF55-50669DFEBA62}.Release|x86.ActiveCfg = Release|x86
		{6A36EABD-6DBD-4E3E-AF55-50669DFEBA62}.Release|x86.Build.0 = Release|x86
	EndGlobalSection
	GlobalSection(MonoDevelopProperties) = preSolution
		Policies = $0
		$0.TextStylePolicy = $1
		$1.FileWidth = 120
		$1.TabWidth = 2
		$1.IndentWidth = 2
		$1.inheritsSet = VisualStudio
		$1.inheritsScope = text/plain
		$1.scope = text/x-fsharp
		$0.FSharpFormattingPolicy = $2
		$2.DefaultFormat = $3
		$3.IndentOnTryWith = False
		$3.ReorderOpenDeclaration = False
		$3.SpaceAfterComma = True
		$3.SpaceAfterSemicolon = True
		$3.SpaceAroundDelimiter = True
		$3.SpaceBeforeArgument = True
		$3.SpaceBeforeColon = True
		$2.scope = text/x-fsharp
	EndGlobalSection
EndGlobal
